PODS:
  - SAMKeychain (1.5.2)
  - SkyUtilsPod (0.1.3):
    - SAMKeychain (~> 1.5.2)

DEPENDENCIES:
  - SkyUtilsPod (from `../`)

EXTERNAL SOURCES:
  SkyUtilsPod:
    :path: "../"

SPEC CHECKSUMS:
  SAMKeychain: 1865333198217411f35327e8da61b43de79b635b
  SkyUtilsPod: 1db82b0795a6e2a2eb2f4d9e5a195acdda65e14f

PODFILE CHECKSUM: 2ccb6ca9c4a45709c252da5adf91c2a7f012b49f

COCOAPODS: 1.2.0
